
Microsoft Visual Studio Solution File, Format Version 12.00
# Visual Studio Version 16
VisualStudioVersion = 16.0.32002.261
MinimumVisualStudioVersion = 10.0.40219.1
Project("{F184B08F-C81C-45F6-A57F-5ABD9991F28F}") = "PTZGUI", "PTZGUI\PTZGUI.vbproj", "{8B330635-5CAF-4A5B-9C24-746EA72F36B3}"
EndProject
Global
	GlobalSection(SolutionConfigurationPlatforms) = preSolution
		Debug|Any CPU = Debug|Any CPU
		Release|Any CPU = Release|Any CPU
	EndGlobalSection
	GlobalSection(ProjectConfigurationPlatforms) = postSolution
		{8B330635-5CAF-4A5B-9C24-746EA72F36B3}.Debug|Any CPU.ActiveCfg = Debug|Any CPU
		{8B330635-5CAF-4A5B-9C24-746EA72F36B3}.Debug|Any CPU.Build.0 = Debug|Any CPU
		{8B330635-5CAF-4A5B-9C24-746EA72F36B3}.Release|Any CPU.ActiveCfg = Release|Any CPU
		{8B330635-5CAF-4A5B-9C24-746EA72F36B3}.Release|Any CPU.Build.0 = Release|Any CPU
	EndGlobalSection
	GlobalSection(SolutionProperties) = preSolution
		HideSolutionNode = FALSE
	EndGlobalSection
	GlobalSection(ExtensibilityGlobals) = postSolution
		SolutionGuid = {4EEE402C-94E2-4DCA-A00F-DD19BA40DF83}
	EndGlobalSection
EndGlobal
